
Microsoft Visual Studio Solution File, Format Version 12.00
# Visual Studio 15
Project("{FAE04EC0-301F-11D3-BF4B-00C04F79EFBC}") = "Assembly-CSharp", "Assembly-CSharp.csproj", "{81AB842D-7B1D-F595-EA5F-9119AC042AEE}"
EndProject
Project("{FAE04EC0-301F-11D3-BF4B-00C04F79EFBC}") = "Unity.StarterAssets", "Unity.StarterAssets.csproj", "{BFEFC006-22F8-BD3C-E295-18E79E7444F6}"
EndProject
Project("{FAE04EC0-301F-11D3-BF4B-00C04F79EFBC}") = "Unity.StarterAssets.Editor", "Unity.StarterAssets.Editor.csproj", "{646B1AD6-C9A6-5828-6E4D-B6829824947F}"
EndProject
Project("{FAE04EC0-301F-11D3-BF4B-00C04F79EFBC}") = "Unity.[YourPackageName].[SubGroup].Editor.Tests", "Unity.[YourPackageName].[SubGroup].Editor.Tests.csproj", "{B206FBC5-2B2C-85A2-2DB8-D5C4F0453797}"
EndProject
Project("{FAE04EC0-301F-11D3-BF4B-00C04F79EFBC}") = "Unity.[YourPackageName].[SubGroup].Tests", "Unity.[YourPackageName].[SubGroup].Tests.csproj", "{B640326D-364B-2BEB-81A9-37AC86348611}"
EndProject
Project("{FAE04EC0-301F-11D3-BF4B-00C04F79EFBC}") = "Assembly-CSharp-Editor", "Assembly-CSharp-Editor.csproj", "{D767DA5F-983D-58F7-75AC-528116A1F3F9}"
EndProject
Project("{FAE04EC0-301F-11D3-BF4B-00C04F79EFBC}") = "URPWizard", "URPWizard.csproj", "{1A85DD33-1DA7-899E-EE5D-C0A232BCA50D}"
EndProject
Global
	GlobalSection(SolutionConfigurationPlatforms) = preSolution
		Debug|Any CPU = Debug|Any CPU
		Release|Any CPU = Release|Any CPU
	EndGlobalSection
	GlobalSection(ProjectConfigurationPlatforms) = postSolution
		{81AB842D-7B1D-F595-EA5F-9119AC042AEE}.Debug|Any CPU.ActiveCfg = Debug|Any CPU
		{81AB842D-7B1D-F595-EA5F-9119AC042AEE}.Debug|Any CPU.Build.0 = Debug|Any CPU
		{81AB842D-7B1D-F595-EA5F-9119AC042AEE}.Release|Any CPU.ActiveCfg = Release|Any CPU
		{81AB842D-7B1D-F595-EA5F-9119AC042AEE}.Release|Any CPU.Build.0 = Release|Any CPU
		{BFEFC006-22F8-BD3C-E295-18E79E7444F6}.Debug|Any CPU.ActiveCfg = Debug|Any CPU
		{BFEFC006-22F8-BD3C-E295-18E79E7444F6}.Debug|Any CPU.Build.0 = Debug|Any CPU
		{BFEFC006-22F8-BD3C-E295-18E79E7444F6}.Release|Any CPU.ActiveCfg = Release|Any CPU
		{BFEFC006-22F8-BD3C-E295-18E79E7444F6}.Release|Any CPU.Build.0 = Release|Any CPU
		{646B1AD6-C9A6-5828-6E4D-B6829824947F}.Debug|Any CPU.ActiveCfg = Debug|Any CPU
		{646B1AD6-C9A6-5828-6E4D-B6829824947F}.Debug|Any CPU.Build.0 = Debug|Any CPU
		{646B1AD6-C9A6-5828-6E4D-B6829824947F}.Release|Any CPU.ActiveCfg = Release|Any CPU
		{646B1AD6-C9A6-5828-6E4D-B6829824947F}.Release|Any CPU.Build.0 = Release|Any CPU
		{B206FBC5-2B2C-85A2-2DB8-D5C4F0453797}.Debug|Any CPU.ActiveCfg = Debug|Any CPU
		{B206FBC5-2B2C-85A2-2DB8-D5C4F0453797}.Debug|Any CPU.Build.0 = Debug|Any CPU
		{B206FBC5-2B2C-85A2-2DB8-D5C4F0453797}.Release|Any CPU.ActiveCfg = Release|Any CPU
		{B206FBC5-2B2C-85A2-2DB8-D5C4F0453797}.Release|Any CPU.Build.0 = Release|Any CPU
		{B640326D-364B-2BEB-81A9-37AC86348611}.Debug|Any CPU.ActiveCfg = Debug|Any CPU
		{B640326D-364B-2BEB-81A9-37AC86348611}.Debug|Any CPU.Build.0 = Debug|Any CPU
		{B640326D-364B-2BEB-81A9-37AC86348611}.Release|Any CPU.ActiveCfg = Release|Any CPU
		{B640326D-364B-2BEB-81A9-37AC86348611}.Release|Any CPU.Build.0 = Release|Any CPU
		{D767DA5F-983D-58F7-75AC-528116A1F3F9}.Debug|Any CPU.ActiveCfg = Debug|Any CPU
		{D767DA5F-983D-58F7-75AC-528116A1F3F9}.Debug|Any CPU.Build.0 = Debug|Any CPU
		{D767DA5F-983D-58F7-75AC-528116A1F3F9}.Release|Any CPU.ActiveCfg = Release|Any CPU
		{D767DA5F-983D-58F7-75AC-528116A1F3F9}.Release|Any CPU.Build.0 = Release|Any CPU
		{1A85DD33-1DA7-899E-EE5D-C0A232BCA50D}.Debug|Any CPU.ActiveCfg = Debug|Any CPU
		{1A85DD33-1DA7-899E-EE5D-C0A232BCA50D}.Debug|Any CPU.Build.0 = Debug|Any CPU
		{1A85DD33-1DA7-899E-EE5D-C0A232BCA50D}.Release|Any CPU.ActiveCfg = Release|Any CPU
		{1A85DD33-1DA7-899E-EE5D-C0A232BCA50D}.Release|Any CPU.Build.0 = Release|Any CPU
	EndGlobalSection
	GlobalSection(SolutionProperties) = preSolution
		HideSolutionNode = FALSE
	EndGlobalSection
EndGlobal
