
Microsoft Visual Studio Solution File, Format Version 12.00
# Visual Studio 15
Project("{FAE04EC0-301F-11D3-BF4B-00C04F79EFBC}") = "FMODUnityEditor", "FMODUnityEditor.csproj", "{0185AE62-2193-80D2-42FD-6D256F0BD485}"
EndProject
Project("{FAE04EC0-301F-11D3-BF4B-00C04F79EFBC}") = "Assembly-CSharp", "Assembly-CSharp.csproj", "{81AB842D-7B1D-F595-EA5F-9119AC042AEE}"
EndProject
Project("{FAE04EC0-301F-11D3-BF4B-00C04F79EFBC}") = "FMODUnityResonanceEditor", "FMODUnityResonanceEditor.csproj", "{2F99E290-0022-99B9-75D3-2B1C0BDD7868}"
EndProject
Project("{FAE04EC0-301F-11D3-BF4B-00C04F79EFBC}") = "FMODUnity", "FMODUnity.csproj", "{D1854A75-0D65-72B2-DC03-78312E93AB4A}"
EndProject
Project("{FAE04EC0-301F-11D3-BF4B-00C04F79EFBC}") = "FMODUnityResonance", "FMODUnityResonance.csproj", "{530374B6-4082-3C88-0EB9-CF089E06EFA7}"
EndProject
Project("{FAE04EC0-301F-11D3-BF4B-00C04F79EFBC}") = "Assembly-CSharp-Editor", "Assembly-CSharp-Editor.csproj", "{D767DA5F-983D-58F7-75AC-528116A1F3F9}"
EndProject
Global
	GlobalSection(SolutionConfigurationPlatforms) = preSolution
		Debug|Any CPU = Debug|Any CPU
		Release|Any CPU = Release|Any CPU
	EndGlobalSection
	GlobalSection(ProjectConfigurationPlatforms) = postSolution
		{0185AE62-2193-80D2-42FD-6D256F0BD485}.Debug|Any CPU.ActiveCfg = Debug|Any CPU
		{0185AE62-2193-80D2-42FD-6D256F0BD485}.Debug|Any CPU.Build.0 = Debug|Any CPU
		{0185AE62-2193-80D2-42FD-6D256F0BD485}.Release|Any CPU.ActiveCfg = Release|Any CPU
		{0185AE62-2193-80D2-42FD-6D256F0BD485}.Release|Any CPU.Build.0 = Release|Any CPU
		{81AB842D-7B1D-F595-EA5F-9119AC042AEE}.Debug|Any CPU.ActiveCfg = Debug|Any CPU
		{81AB842D-7B1D-F595-EA5F-9119AC042AEE}.Debug|Any CPU.Build.0 = Debug|Any CPU
		{81AB842D-7B1D-F595-EA5F-9119AC042AEE}.Release|Any CPU.ActiveCfg = Release|Any CPU
		{81AB842D-7B1D-F595-EA5F-9119AC042AEE}.Release|Any CPU.Build.0 = Release|Any CPU
		{2F99E290-0022-99B9-75D3-2B1C0BDD7868}.Debug|Any CPU.ActiveCfg = Debug|Any CPU
		{2F99E290-0022-99B9-75D3-2B1C0BDD7868}.Debug|Any CPU.Build.0 = Debug|Any CPU
		{2F99E290-0022-99B9-75D3-2B1C0BDD7868}.Release|Any CPU.ActiveCfg = Release|Any CPU
		{2F99E290-0022-99B9-75D3-2B1C0BDD7868}.Release|Any CPU.Build.0 = Release|Any CPU
		{D1854A75-0D65-72B2-DC03-78312E93AB4A}.Debug|Any CPU.ActiveCfg = Debug|Any CPU
		{D1854A75-0D65-72B2-DC03-78312E93AB4A}.Debug|Any CPU.Build.0 = Debug|Any CPU
		{D1854A75-0D65-72B2-DC03-78312E93AB4A}.Release|Any CPU.ActiveCfg = Release|Any CPU
		{D1854A75-0D65-72B2-DC03-78312E93AB4A}.Release|Any CPU.Build.0 = Release|Any CPU
		{530374B6-4082-3C88-0EB9-CF089E06EFA7}.Debug|Any CPU.ActiveCfg = Debug|Any CPU
		{530374B6-4082-3C88-0EB9-CF089E06EFA7}.Debug|Any CPU.Build.0 = Debug|Any CPU
		{530374B6-4082-3C88-0EB9-CF089E06EFA7}.Release|Any CPU.ActiveCfg = Release|Any CPU
		{530374B6-4082-3C88-0EB9-CF089E06EFA7}.Release|Any CPU.Build.0 = Release|Any CPU
		{D767DA5F-983D-58F7-75AC-528116A1F3F9}.Debug|Any CPU.ActiveCfg = Debug|Any CPU
		{D767DA5F-983D-58F7-75AC-528116A1F3F9}.Debug|Any CPU.Build.0 = Debug|Any CPU
		{D767DA5F-983D-58F7-75AC-528116A1F3F9}.Release|Any CPU.ActiveCfg = Release|Any CPU
		{D767DA5F-983D-58F7-75AC-528116A1F3F9}.Release|Any CPU.Build.0 = Release|Any CPU
	EndGlobalSection
	GlobalSection(SolutionProperties) = preSolution
		HideSolutionNode = FALSE
	EndGlobalSection
EndGlobal
